
Microsoft Visual Studio Solution File, Format Version 12.00
# Visual Studio 15
VisualStudioVersion = 15.0.27428.2015
MinimumVisualStudioVersion = 10.0.40219.1
Project("{FAE04EC0-301F-11D3-BF4B-00C04F79EFBC}") = "RealTimeAdministration", "RealTimeAdministration\RealTimeAdministration.csproj", "{215C7102-8384-44BA-BF4E-D34247178AEA}"
EndProject
Global
	GlobalSection(SolutionConfigurationPlatforms) = preSolution
		Debug|Any CPU = Debug|Any CPU
		Release|Any CPU = Release|Any CPU
	EndGlobalSection
	GlobalSection(ProjectConfigurationPlatforms) = postSolution
		{215C7102-8384-44BA-BF4E-D34247178AEA}.Debug|Any CPU.ActiveCfg = Debug|Any CPU
		{215C7102-8384-44BA-BF4E-D34247178AEA}.Debug|Any CPU.Build.0 = Debug|Any CPU
		{215C7102-8384-44BA-BF4E-D34247178AEA}.Release|Any CPU.ActiveCfg = Release|Any CPU
		{215C7102-8384-44BA-BF4E-D34247178AEA}.Release|Any CPU.Build.0 = Release|Any CPU
	EndGlobalSection
	GlobalSection(SolutionProperties) = preSolution
		HideSolutionNode = FALSE
	EndGlobalSection
	GlobalSection(ExtensibilityGlobals) = postSolution
		SolutionGuid = {0D83341F-698A-4D81-8832-88F30F59478F}
	EndGlobalSection
EndGlobal
